
Microsoft Visual Studio Solution File, Format Version 12.00
# Visual Studio Version 16
VisualStudioVersion = 16.0.29806.167
MinimumVisualStudioVersion = 10.0.40219.1
Project("{FAE04EC0-301F-11D3-BF4B-00C04F79EFBC}") = "Cytel.Top.Api", "Cytel.TopApi.Api\Cytel.Top.Api.csproj", "{7C30C835-52FD-4890-9286-61420648CB81}"
EndProject
Project("{FAE04EC0-301F-11D3-BF4B-00C04F79EFBC}") = "Cytel.Top.Model", "Cytel.TopApi.Model\Cytel.Top.Model.csproj", "{47885AA5-0FF7-4316-99FF-B59968BB6B84}"
EndProject
Project("{FAE04EC0-301F-11D3-BF4B-00C04F79EFBC}") = "Cytel.Top.Repository", "Cytel.TopApi.Repository\Cytel.Top.Repository.csproj", "{D2AD6253-8686-40E0-8CA8-8E2C95EE7A0B}"
EndProject
Global
	GlobalSection(SolutionConfigurationPlatforms) = preSolution
		Debug|Any CPU = Debug|Any CPU
		Release|Any CPU = Release|Any CPU
	EndGlobalSection
	GlobalSection(ProjectConfigurationPlatforms) = postSolution
		{7C30C835-52FD-4890-9286-61420648CB81}.Debug|Any CPU.ActiveCfg = Debug|Any CPU
		{7C30C835-52FD-4890-9286-61420648CB81}.Debug|Any CPU.Build.0 = Debug|Any CPU
		{7C30C835-52FD-4890-9286-61420648CB81}.Release|Any CPU.ActiveCfg = Release|Any CPU
		{7C30C835-52FD-4890-9286-61420648CB81}.Release|Any CPU.Build.0 = Release|Any CPU
		{47885AA5-0FF7-4316-99FF-B59968BB6B84}.Debug|Any CPU.ActiveCfg = Debug|Any CPU
		{47885AA5-0FF7-4316-99FF-B59968BB6B84}.Debug|Any CPU.Build.0 = Debug|Any CPU
		{47885AA5-0FF7-4316-99FF-B59968BB6B84}.Release|Any CPU.ActiveCfg = Release|Any CPU
		{47885AA5-0FF7-4316-99FF-B59968BB6B84}.Release|Any CPU.Build.0 = Release|Any CPU
		{D2AD6253-8686-40E0-8CA8-8E2C95EE7A0B}.Debug|Any CPU.ActiveCfg = Debug|Any CPU
		{D2AD6253-8686-40E0-8CA8-8E2C95EE7A0B}.Debug|Any CPU.Build.0 = Debug|Any CPU
		{D2AD6253-8686-40E0-8CA8-8E2C95EE7A0B}.Release|Any CPU.ActiveCfg = Release|Any CPU
		{D2AD6253-8686-40E0-8CA8-8E2C95EE7A0B}.Release|Any CPU.Build.0 = Release|Any CPU
	EndGlobalSection
	GlobalSection(SolutionProperties) = preSolution
		HideSolutionNode = FALSE
	EndGlobalSection
	GlobalSection(ExtensibilityGlobals) = postSolution
		SolutionGuid = {31AEE095-197D-407A-9CA8-C6938AAF59E5}
	EndGlobalSection
EndGlobal
